
Microsoft Visual Studio Solution File, Format Version 12.00
# Visual Studio Version 17
VisualStudioVersion = 17.10.34916.146
MinimumVisualStudioVersion = 10.0.40219.1
Project("{9A19103F-16F7-4668-BE54-9A1E7A4F7556}") = "YukkuriMovieMaker.Plugin.Community", "YukkuriMovieMaker.Plugin.Community\YukkuriMovieMaker.Plugin.Community.csproj", "{818F98E3-5B0F-452A-BA50-FE040725E9FC}"
EndProject
Project("{9A19103F-16F7-4668-BE54-9A1E7A4F7556}") = "YukkuriMovieMaker.Generator", "YukkuriMovieMaker.Generator\YukkuriMovieMaker.Generator\YukkuriMovieMaker.Generator.csproj", "{D8C9EED5-8D7F-4548-8B3E-85679DFE18BF}"
EndProject
Global
	GlobalSection(SolutionConfigurationPlatforms) = preSolution
		Debug|Any CPU = Debug|Any CPU
		Release|Any CPU = Release|Any CPU
	EndGlobalSection
	GlobalSection(ProjectConfigurationPlatforms) = postSolution
		{818F98E3-5B0F-452A-BA50-FE040725E9FC}.Debug|Any CPU.ActiveCfg = Debug|Any CPU
		{818F98E3-5B0F-452A-BA50-FE040725E9FC}.Debug|Any CPU.Build.0 = Debug|Any CPU
		{818F98E3-5B0F-452A-BA50-FE040725E9FC}.Release|Any CPU.ActiveCfg = Release|Any CPU
		{818F98E3-5B0F-452A-BA50-FE040725E9FC}.Release|Any CPU.Build.0 = Release|Any CPU
		{D8C9EED5-8D7F-4548-8B3E-85679DFE18BF}.Debug|Any CPU.ActiveCfg = Debug|Any CPU
		{D8C9EED5-8D7F-4548-8B3E-85679DFE18BF}.Debug|Any CPU.Build.0 = Debug|Any CPU
		{D8C9EED5-8D7F-4548-8B3E-85679DFE18BF}.Release|Any CPU.ActiveCfg = Release|Any CPU
		{D8C9EED5-8D7F-4548-8B3E-85679DFE18BF}.Release|Any CPU.Build.0 = Release|Any CPU
	EndGlobalSection
	GlobalSection(SolutionProperties) = preSolution
		HideSolutionNode = FALSE
	EndGlobalSection
	GlobalSection(ExtensibilityGlobals) = postSolution
		SolutionGuid = {86678253-E1D8-46F8-8A61-CB791C9748BA}
	EndGlobalSection
EndGlobal
